%{
  "cowboy": {:hex, :cowboy, "2.16.1", "fa04080b602ff25c40a7700f2dc0152dbc1ba26b42093ae0fa9bb7a337d5a242", [:make, :rebar3], [{:cowlib, ">= 2.16.0 and < 3.0.0", [hex: :cowlib, repo: "hexpm", optional: false]}, {:ranch, ">= 1.8.0 and < 3.0.0", [hex: :ranch, repo: "hexpm", optional: false]}], "hexpm", "b8ea4dd317a043e3177ec840cfa3bcb47cfb41035d3abb24d954dc7d51def399"},
  "cowlib": {:hex, :cowlib, "2.17.1", "3e6053016d1ab245730f0af688755476dcedb1c25ed8fb5751f59a2bfdc0c9af", [:make, :rebar3], [], "hexpm", "ff08bd17e6dd931445b18af77315b9b5fe052407110964ad2588c686b57b5e3f"},
  "jason": {:hex, :jason, "1.4.5", "2e3a008590b0b8d7388c20293e9dcc9cf3e5d642fd2a114e4cbbb52e595d940a", [:mix], [{:decimal, "~> 1.0 or ~> 2.0 or ~> 3.0", [hex: :decimal, repo: "hexpm", optional: true]}], "hexpm", "b0c823996102bcd0239b3c2444eb00409b72f6a140c1950bc8b457d836b30684"},
  "ranch": {:hex, :ranch, "2.2.0", "25528f82bc8d7c6152c57666ca99ec716510fe0925cb188172f41ce93117b1b0", [:make, :rebar3], [], "hexpm", "fa0b99a1780c80218a4197a59ea8d3bdae32fbff7e88527d7d8a4787eff4f8e7"},
}
